
Microsoft Visual Studio Solution File, Format Version 12.00
# Visual Studio Version 17
VisualStudioVersion = 17.5.002.0
MinimumVisualStudioVersion = 10.0.40219.1
Project("{9A19103F-16F7-4668-BE54-9A1E7A4F7556}") = "c#", "c#.csproj", "{037CA0F7-4201-4B94-A41F-66873F65E8FA}"
EndProject
Global
	GlobalSection(SolutionConfigurationPlatforms) = preSolution
		Debug|Any CPU = Debug|Any CPU
		Release|Any CPU = Release|Any CPU
	EndGlobalSection
	GlobalSection(ProjectConfigurationPlatforms) = postSolution
		{037CA0F7-4201-4B94-A41F-66873F65E8FA}.Debug|Any CPU.ActiveCfg = Debug|Any CPU
		{037CA0F7-4201-4B94-A41F-66873F65E8FA}.Debug|Any CPU.Build.0 = Debug|Any CPU
		{037CA0F7-4201-4B94-A41F-66873F65E8FA}.Release|Any CPU.ActiveCfg = Release|Any CPU
		{037CA0F7-4201-4B94-A41F-66873F65E8FA}.Release|Any CPU.Build.0 = Release|Any CPU
	EndGlobalSection
	GlobalSection(SolutionProperties) = preSolution
		HideSolutionNode = FALSE
	EndGlobalSection
	GlobalSection(ExtensibilityGlobals) = postSolution
		SolutionGuid = {24C569D5-89C9-4C23-9C5E-3A597DAB4F25}
	EndGlobalSection
EndGlobal
